
Microsoft Visual Studio Solution File, Format Version 12.00
# Visual Studio 14
VisualStudioVersion = 14.0.25420.1
MinimumVisualStudioVersion = 10.0.40219.1
Project("{FAE04EC0-301F-11D3-BF4B-00C04F79EFBC}") = "ContosoUniversity", "ContosoUniversity\ContosoUniversity.csproj", "{F45BC9B9-A1BE-4FC7-A9AF-04A577FF0DD5}"
EndProject
Project("{FAE04EC0-301F-11D3-BF4B-00C04F79EFBC}") = "MvcMovie", "..\MvcMovie\MvcMovie\MvcMovie.csproj", "{2F854231-9E64-450E-8F8B-B338EA40ADF3}"
EndProject
Global
	GlobalSection(SolutionConfigurationPlatforms) = preSolution
		Debug|Any CPU = Debug|Any CPU
		Debug-40|Any CPU = Debug-40|Any CPU
		Release|Any CPU = Release|Any CPU
		Release-40|Any CPU = Release-40|Any CPU
	EndGlobalSection
	GlobalSection(ProjectConfigurationPlatforms) = postSolution
		{F45BC9B9-A1BE-4FC7-A9AF-04A577FF0DD5}.Debug|Any CPU.ActiveCfg = Debug|Any CPU
		{F45BC9B9-A1BE-4FC7-A9AF-04A577FF0DD5}.Debug|Any CPU.Build.0 = Debug|Any CPU
		{F45BC9B9-A1BE-4FC7-A9AF-04A577FF0DD5}.Debug-40|Any CPU.ActiveCfg = Debug|Any CPU
		{F45BC9B9-A1BE-4FC7-A9AF-04A577FF0DD5}.Debug-40|Any CPU.Build.0 = Debug|Any CPU
		{F45BC9B9-A1BE-4FC7-A9AF-04A577FF0DD5}.Release|Any CPU.ActiveCfg = Release|Any CPU
		{F45BC9B9-A1BE-4FC7-A9AF-04A577FF0DD5}.Release|Any CPU.Build.0 = Release|Any CPU
		{F45BC9B9-A1BE-4FC7-A9AF-04A577FF0DD5}.Release-40|Any CPU.ActiveCfg = Release|Any CPU
		{F45BC9B9-A1BE-4FC7-A9AF-04A577FF0DD5}.Release-40|Any CPU.Build.0 = Release|Any CPU
		{2F854231-9E64-450E-8F8B-B338EA40ADF3}.Debug|Any CPU.ActiveCfg = Debug|Any CPU
		{2F854231-9E64-450E-8F8B-B338EA40ADF3}.Debug|Any CPU.Build.0 = Debug|Any CPU
		{2F854231-9E64-450E-8F8B-B338EA40ADF3}.Debug-40|Any CPU.ActiveCfg = Debug|Any CPU
		{2F854231-9E64-450E-8F8B-B338EA40ADF3}.Debug-40|Any CPU.Build.0 = Debug|Any CPU
		{2F854231-9E64-450E-8F8B-B338EA40ADF3}.Release|Any CPU.ActiveCfg = Release|Any CPU
		{2F854231-9E64-450E-8F8B-B338EA40ADF3}.Release|Any CPU.Build.0 = Release|Any CPU
		{2F854231-9E64-450E-8F8B-B338EA40ADF3}.Release-40|Any CPU.ActiveCfg = Release|Any CPU
		{2F854231-9E64-450E-8F8B-B338EA40ADF3}.Release-40|Any CPU.Build.0 = Release|Any CPU
	EndGlobalSection
	GlobalSection(SolutionProperties) = preSolution
		HideSolutionNode = FALSE
	EndGlobalSection
EndGlobal
